
Microsoft Visual Studio Solution File, Format Version 12.00
# Visual Studio Version 17
VisualStudioVersion = 17.10.34928.147
MinimumVisualStudioVersion = 10.0.40219.1
Project("{FAE04EC0-301F-11D3-BF4B-00C04F79EFBC}") = "Guia-Lambda", "Guia-Lambda\Guia-Lambda.csproj", "{4988274E-DF98-4F19-92FA-8F2BDFC93043}"
EndProject
Global
	GlobalSection(SolutionConfigurationPlatforms) = preSolution
		Debug|Any CPU = Debug|Any CPU
		Release|Any CPU = Release|Any CPU
	EndGlobalSection
	GlobalSection(ProjectConfigurationPlatforms) = postSolution
		{4988274E-DF98-4F19-92FA-8F2BDFC93043}.Debug|Any CPU.ActiveCfg = Debug|Any CPU
		{4988274E-DF98-4F19-92FA-8F2BDFC93043}.Debug|Any CPU.Build.0 = Debug|Any CPU
		{4988274E-DF98-4F19-92FA-8F2BDFC93043}.Release|Any CPU.ActiveCfg = Release|Any CPU
		{4988274E-DF98-4F19-92FA-8F2BDFC93043}.Release|Any CPU.Build.0 = Release|Any CPU
	EndGlobalSection
	GlobalSection(SolutionProperties) = preSolution
		HideSolutionNode = FALSE
	EndGlobalSection
	GlobalSection(ExtensibilityGlobals) = postSolution
		SolutionGuid = {FFBE65F7-C2FD-48F1-A029-3256FFF6E007}
	EndGlobalSection
EndGlobal
